
Microsoft Visual Studio Solution File, Format Version 12.00
# Visual Studio Version 17
VisualStudioVersion = 17.7.34031.279
MinimumVisualStudioVersion = 10.0.40219.1
Project("{FAE04EC0-301F-11D3-BF4B-00C04F79EFBC}") = "OrangeHRM", "OrangeHRM.csproj", "{763E6175-86F2-4DF3-A97B-BE43A7E81E2C}"
EndProject
Global
	GlobalSection(SolutionConfigurationPlatforms) = preSolution
		Debug|Any CPU = Debug|Any CPU
		Release|Any CPU = Release|Any CPU
	EndGlobalSection
	GlobalSection(ProjectConfigurationPlatforms) = postSolution
		{763E6175-86F2-4DF3-A97B-BE43A7E81E2C}.Debug|Any CPU.ActiveCfg = Debug|Any CPU
		{763E6175-86F2-4DF3-A97B-BE43A7E81E2C}.Debug|Any CPU.Build.0 = Debug|Any CPU
		{763E6175-86F2-4DF3-A97B-BE43A7E81E2C}.Release|Any CPU.ActiveCfg = Release|Any CPU
		{763E6175-86F2-4DF3-A97B-BE43A7E81E2C}.Release|Any CPU.Build.0 = Release|Any CPU
	EndGlobalSection
	GlobalSection(SolutionProperties) = preSolution
		HideSolutionNode = FALSE
	EndGlobalSection
	GlobalSection(ExtensibilityGlobals) = postSolution
		SolutionGuid = {93D70F86-EB06-49AA-9701-C584614CE726}
	EndGlobalSection
EndGlobal
